
Microsoft Visual Studio Solution File, Format Version 12.00
# Visual Studio Version 17
VisualStudioVersion = 17.3.32901.215
MinimumVisualStudioVersion = 10.0.40219.1
Project("{FAE04EC0-301F-11D3-BF4B-00C04F79EFBC}") = "snakePlateau", "snakePlateau\snakePlateau.csproj", "{09682065-5695-46CC-A89F-BD2416152CF4}"
EndProject
Global
	GlobalSection(SolutionConfigurationPlatforms) = preSolution
		Debug|Any CPU = Debug|Any CPU
		Release|Any CPU = Release|Any CPU
	EndGlobalSection
	GlobalSection(ProjectConfigurationPlatforms) = postSolution
		{09682065-5695-46CC-A89F-BD2416152CF4}.Debug|Any CPU.ActiveCfg = Debug|Any CPU
		{09682065-5695-46CC-A89F-BD2416152CF4}.Debug|Any CPU.Build.0 = Debug|Any CPU
		{09682065-5695-46CC-A89F-BD2416152CF4}.Release|Any CPU.ActiveCfg = Release|Any CPU
		{09682065-5695-46CC-A89F-BD2416152CF4}.Release|Any CPU.Build.0 = Release|Any CPU
	EndGlobalSection
	GlobalSection(SolutionProperties) = preSolution
		HideSolutionNode = FALSE
	EndGlobalSection
	GlobalSection(ExtensibilityGlobals) = postSolution
		SolutionGuid = {F20C39A1-7214-4ABC-8047-8A5E6782B2D0}
	EndGlobalSection
EndGlobal
